{
  "name": "inf04odpextension",
  "lockfileVersion": 2,
  "requires": true,
  "packages": {
    "": {
      "dependencies": {
        "@types/firefox-webext-browser": "^111.0.0"
      }
    },
    "node_modules/@types/firefox-webext-browser": {
      "version": "111.0.0",
      "resolved": "https://registry.npmjs.org/@types/firefox-webext-browser/-/firefox-webext-browser-111.0.0.tgz",
      "integrity": "sha512-KboW0ughUYzuYAvzWGJsiSMmH9AgJDvnstjsNrXMgf6cpJ5g1eBGzkqpjPzVqkOyTH/mFl7gd15+XyaVQhKywA=="
    }
  },
  "dependencies": {
    "@types/firefox-webext-browser": {
      "version": "111.0.0",
      "resolved": "https://registry.npmjs.org/@types/firefox-webext-browser/-/firefox-webext-browser-111.0.0.tgz",
      "integrity": "sha512-KboW0ughUYzuYAvzWGJsiSMmH9AgJDvnstjsNrXMgf6cpJ5g1eBGzkqpjPzVqkOyTH/mFl7gd15+XyaVQhKywA=="
    }
  }
}
